// !$*UTF8*$!
{
	archiveVersion = 1;
	classes = {
	};
	objectVersion = 51;
	objects = {

/* Begin PBXBuildFile section */
		0A21908B2641B4FC00F53B02 /* UserResponse.swift in Sources */ = {isa = PBXBuildFile; fileRef = 0A21908A2641B4FC00F53B02 /* UserResponse.swift */; };
		0A21908D2641B5BD00F53B02 /* AccountResponse.swift in Sources */ = {isa = PBXBuildFile; fileRef = 0A21908C2641B5BD00F53B02 /* AccountResponse.swift */; };
		0A21908F2641B66200F53B02 /* TransactionResponse.swift in Sources */ = {isa = PBXBuildFile; fileRef = 0A21908E2641B66200F53B02 /* TransactionResponse.swift */; };
		0A21909C26428D9600F53B02 /* LoginViewController.swift in Sources */ = {isa = PBXBuildFile; fileRef = 0A21909B26428D9600F53B02 /* LoginViewController.swift */; };
		0A751A252648540500D6FB0A /* PasswordTextField.swift in Sources */ = {isa = PBXBuildFile; fileRef = 0A751A242648540500D6FB0A /* PasswordTextField.swift */; };
		0A751A272648554A00D6FB0A /* PhoneNumberTextField.swift in Sources */ = {isa = PBXBuildFile; fileRef = 0A751A262648554A00D6FB0A /* PhoneNumberTextField.swift */; };
		0A751A292648623C00D6FB0A /* HomeViewController.swift in Sources */ = {isa = PBXBuildFile; fileRef = 0A751A282648623C00D6FB0A /* HomeViewController.swift */; };
		0A751A3F2648754000D6FB0A /* ViewControllerRepresentable.swift in Sources */ = {isa = PBXBuildFile; fileRef = 0A751A3E2648754000D6FB0A /* ViewControllerRepresentable.swift */; };
		0A751A412648756800D6FB0A /* ViewRepresentable.swift in Sources */ = {isa = PBXBuildFile; fileRef = 0A751A402648756800D6FB0A /* ViewRepresentable.swift */; };
		0A751A4E26499ABA00D6FB0A /* SelectionView.swift in Sources */ = {isa = PBXBuildFile; fileRef = 0A751A4D26499ABA00D6FB0A /* SelectionView.swift */; };
		0A751A512649A16800D6FB0A /* Label.swift in Sources */ = {isa = PBXBuildFile; fileRef = 0A751A502649A16800D6FB0A /* Label.swift */; };
		0A76E3F526404BC6000F58B2 /* AppDelegate.swift in Sources */ = {isa = PBXBuildFile; fileRef = 0A76E3F426404BC6000F58B2 /* AppDelegate.swift */; };
		0A76E3F726404BC6000F58B2 /* SceneDelegate.swift in Sources */ = {isa = PBXBuildFile; fileRef = 0A76E3F626404BC6000F58B2 /* SceneDelegate.swift */; };
		0A76E3FB26404BC8000F58B2 /* Assets.xcassets in Resources */ = {isa = PBXBuildFile; fileRef = 0A76E3FA26404BC8000F58B2 /* Assets.xcassets */; };
		0A76E3FE26404BC8000F58B2 /* Preview Assets.xcassets in Resources */ = {isa = PBXBuildFile; fileRef = 0A76E3FD26404BC8000F58B2 /* Preview Assets.xcassets */; };
		0A76E40126404BC8000F58B2 /* LaunchScreen.storyboard in Resources */ = {isa = PBXBuildFile; fileRef = 0A76E3FF26404BC8000F58B2 /* LaunchScreen.storyboard */; };
		0AACFEE4264A8C540095D031 /* SelectionCell.swift in Sources */ = {isa = PBXBuildFile; fileRef = 0AACFEE3264A8C540095D031 /* SelectionCell.swift */; };
		0AACFEFB264C14310095D031 /* APIEndpoint.swift in Sources */ = {isa = PBXBuildFile; fileRef = 0AACFEFA264C14310095D031 /* APIEndpoint.swift */; };
		0AACFEFF264C1E100095D031 /* APIManager.swift in Sources */ = {isa = PBXBuildFile; fileRef = 0AACFEFE264C1E100095D031 /* APIManager.swift */; };
		0AACFF01264C21040095D031 /* UserManager.swift in Sources */ = {isa = PBXBuildFile; fileRef = 0AACFF00264C21040095D031 /* UserManager.swift */; };
		0AACFF03264C81910095D031 /* CheckUserTokenResponse.swift in Sources */ = {isa = PBXBuildFile; fileRef = 0AACFF02264C81900095D031 /* CheckUserTokenResponse.swift */; };
		0AACFF05264C837E0095D031 /* APILoginManager.swift in Sources */ = {isa = PBXBuildFile; fileRef = 0AACFF04264C837E0095D031 /* APILoginManager.swift */; };
		0AC96F7A2642F6FA00A691CB /* ColorPalette.swift in Sources */ = {isa = PBXBuildFile; fileRef = 0AC96F792642F6FA00A691CB /* ColorPalette.swift */; };
		0AC96F7C2642F75500A691CB /* UIColor+Hex.swift in Sources */ = {isa = PBXBuildFile; fileRef = 0AC96F7B2642F75500A691CB /* UIColor+Hex.swift */; };
		0AC96F7E2642F84000A691CB /* String+Utilities.swift in Sources */ = {isa = PBXBuildFile; fileRef = 0AC96F7D2642F84000A691CB /* String+Utilities.swift */; };
		0AC96F802642F8AA00A691CB /* UIView+CornerRadius.swift in Sources */ = {isa = PBXBuildFile; fileRef = 0AC96F7F2642F8AA00A691CB /* UIView+CornerRadius.swift */; };
		0AC96F822642F92C00A691CB /* UIActivityIndicator+Animating.swift in Sources */ = {isa = PBXBuildFile; fileRef = 0AC96F812642F92C00A691CB /* UIActivityIndicator+Animating.swift */; };
		0AC96F852642FA3300A691CB /* View.swift in Sources */ = {isa = PBXBuildFile; fileRef = 0AC96F842642FA3300A691CB /* View.swift */; };
		0AC96F8F2643033E00A691CB /* TextType.swift in Sources */ = {isa = PBXBuildFile; fileRef = 0AC96F8E2643033E00A691CB /* TextType.swift */; };
		0AC96F93264304A000A691CB /* CommonConstants.swift in Sources */ = {isa = PBXBuildFile; fileRef = 0AC96F92264304A000A691CB /* CommonConstants.swift */; };
		0AC96F96264310CC00A691CB /* IconSize.swift in Sources */ = {isa = PBXBuildFile; fileRef = 0AC96F95264310CC00A691CB /* IconSize.swift */; };
		0AC96F982643113F00A691CB /* Icon.swift in Sources */ = {isa = PBXBuildFile; fileRef = 0AC96F972643113F00A691CB /* Icon.swift */; };
		0AC96FA026431FA900A691CB /* ViewController.swift in Sources */ = {isa = PBXBuildFile; fileRef = 0AC96F9F26431FA900A691CB /* ViewController.swift */; };
		0AC96FA2264320E100A691CB /* TableViewCell.swift in Sources */ = {isa = PBXBuildFile; fileRef = 0AC96FA1264320E100A691CB /* TableViewCell.swift */; };
		0AC96FA42643213F00A691CB /* ReusableView.swift in Sources */ = {isa = PBXBuildFile; fileRef = 0AC96FA32643213F00A691CB /* ReusableView.swift */; };
		0AC96FAA264334AF00A691CB /* ButtonTheme.swift in Sources */ = {isa = PBXBuildFile; fileRef = 0AC96FA9264334AF00A691CB /* ButtonTheme.swift */; };
		0AC96FC626434B8600A691CB /* Button.swift in Sources */ = {isa = PBXBuildFile; fileRef = 0AC96FC526434B8600A691CB /* Button.swift */; };
		0AC96FCD2644005B00A691CB /* TextField.swift in Sources */ = {isa = PBXBuildFile; fileRef = 0AC96FCC2644005B00A691CB /* TextField.swift */; };
		0AC96FCF2644085500A691CB /* UIComponentBuilder.swift in Sources */ = {isa = PBXBuildFile; fileRef = 0AC96FCE2644085500A691CB /* UIComponentBuilder.swift */; };
		0AC97001264567E300A691CB /* UIView+Fade.swift in Sources */ = {isa = PBXBuildFile; fileRef = 0AC97000264567E300A691CB /* UIView+Fade.swift */; };
		0AC9700326456F8600A691CB /* RegisterViewController.swift in Sources */ = {isa = PBXBuildFile; fileRef = 0AC9700226456F8600A691CB /* RegisterViewController.swift */; };
		0AC97006264572D900A691CB /* SelectionTableViewController.swift in Sources */ = {isa = PBXBuildFile; fileRef = 0AC97005264572D900A691CB /* SelectionTableViewController.swift */; };
		0AC970082645732100A691CB /* TableViewController.swift in Sources */ = {isa = PBXBuildFile; fileRef = 0AC970072645732100A691CB /* TableViewController.swift */; };
		93D2756725E1307C7C375D9A /* Pods_CodePay.framework in Frameworks */ = {isa = PBXBuildFile; fileRef = 6132BBB8CFB7B8A01722D8A4 /* Pods_CodePay.framework */; };
/* End PBXBuildFile section */

/* Begin PBXFileReference section */
		0A21908A2641B4FC00F53B02 /* UserResponse.swift */ = {isa = PBXFileReference; lastKnownFileType = sourcecode.swift; path = UserResponse.swift; sourceTree = "<group>"; };
		0A21908C2641B5BD00F53B02 /* AccountResponse.swift */ = {isa = PBXFileReference; lastKnownFileType = sourcecode.swift; path = AccountResponse.swift; sourceTree = "<group>"; };
		0A21908E2641B66200F53B02 /* TransactionResponse.swift */ = {isa = PBXFileReference; lastKnownFileType = sourcecode.swift; path = TransactionResponse.swift; sourceTree = "<group>"; };
		0A21909B26428D9600F53B02 /* LoginViewController.swift */ = {isa = PBXFileReference; lastKnownFileType = sourcecode.swift; path = LoginViewController.swift; sourceTree = "<group>"; };
		0A751A242648540500D6FB0A /* PasswordTextField.swift */ = {isa = PBXFileReference; lastKnownFileType = sourcecode.swift; path = PasswordTextField.swift; sourceTree = "<group>"; };
		0A751A262648554A00D6FB0A /* PhoneNumberTextField.swift */ = {isa = PBXFileReference; lastKnownFileType = sourcecode.swift; path = PhoneNumberTextField.swift; sourceTree = "<group>"; };
		0A751A282648623C00D6FB0A /* HomeViewController.swift */ = {isa = PBXFileReference; lastKnownFileType = sourcecode.swift; path = HomeViewController.swift; sourceTree = "<group>"; };
		0A751A3E2648754000D6FB0A /* ViewControllerRepresentable.swift */ = {isa = PBXFileReference; lastKnownFileType = sourcecode.swift; path = ViewControllerRepresentable.swift; sourceTree = "<group>"; };
		0A751A402648756800D6FB0A /* ViewRepresentable.swift */ = {isa = PBXFileReference; lastKnownFileType = sourcecode.swift; path = ViewRepresentable.swift; sourceTree = "<group>"; };
		0A751A4D26499ABA00D6FB0A /* SelectionView.swift */ = {isa = PBXFileReference; lastKnownFileType = sourcecode.swift; path = SelectionView.swift; sourceTree = "<group>"; };
		0A751A502649A16800D6FB0A /* Label.swift */ = {isa = PBXFileReference; lastKnownFileType = sourcecode.swift; path = Label.swift; sourceTree = "<group>"; };
		0A76E3F126404BC6000F58B2 /* CodePay.app */ = {isa = PBXFileReference; explicitFileType = wrapper.application; includeInIndex = 0; path = CodePay.app; sourceTree = BUILT_PRODUCTS_DIR; };
		0A76E3F426404BC6000F58B2 /* AppDelegate.swift */ = {isa = PBXFileReference; lastKnownFileType = sourcecode.swift; path = AppDelegate.swift; sourceTree = "<group>"; };
		0A76E3F626404BC6000F58B2 /* SceneDelegate.swift */ = {isa = PBXFileReference; lastKnownFileType = sourcecode.swift; path = SceneDelegate.swift; sourceTree = "<group>"; };
		0A76E3FA26404BC8000F58B2 /* Assets.xcassets */ = {isa = PBXFileReference; lastKnownFileType = folder.assetcatalog; path = Assets.xcassets; sourceTree = "<group>"; };
		0A76E3FD26404BC8000F58B2 /* Preview Assets.xcassets */ = {isa = PBXFileReference; lastKnownFileType = folder.assetcatalog; path = "Preview Assets.xcassets"; sourceTree = "<group>"; };
		0A76E40026404BC8000F58B2 /* Base */ = {isa = PBXFileReference; lastKnownFileType = file.storyboard; name = Base; path = Base.lproj/LaunchScreen.storyboard; sourceTree = "<group>"; };
		0A76E40226404BC8000F58B2 /* Info.plist */ = {isa = PBXFileReference; lastKnownFileType = text.plist.xml; path = Info.plist; sourceTree = "<group>"; };
		0AACFEE3264A8C540095D031 /* SelectionCell.swift */ = {isa = PBXFileReference; lastKnownFileType = sourcecode.swift; path = SelectionCell.swift; sourceTree = "<group>"; };
		0AACFEFA264C14310095D031 /* APIEndpoint.swift */ = {isa = PBXFileReference; lastKnownFileType = sourcecode.swift; path = APIEndpoint.swift; sourceTree = "<group>"; };
		0AACFEFE264C1E100095D031 /* APIManager.swift */ = {isa = PBXFileReference; lastKnownFileType = sourcecode.swift; path = APIManager.swift; sourceTree = "<group>"; };
		0AACFF00264C21040095D031 /* UserManager.swift */ = {isa = PBXFileReference; lastKnownFileType = sourcecode.swift; path = UserManager.swift; sourceTree = "<group>"; };
		0AACFF02264C81900095D031 /* CheckUserTokenResponse.swift */ = {isa = PBXFileReference; lastKnownFileType = sourcecode.swift; path = CheckUserTokenResponse.swift; sourceTree = "<group>"; };
		0AACFF04264C837E0095D031 /* APILoginManager.swift */ = {isa = PBXFileReference; lastKnownFileType = sourcecode.swift; path = APILoginManager.swift; sourceTree = "<group>"; };
		0AC96F792642F6FA00A691CB /* ColorPalette.swift */ = {isa = PBXFileReference; lastKnownFileType = sourcecode.swift; path = ColorPalette.swift; sourceTree = "<group>"; };
		0AC96F7B2642F75500A691CB /* UIColor+Hex.swift */ = {isa = PBXFileReference; lastKnownFileType = sourcecode.swift; path = "UIColor+Hex.swift"; sourceTree = "<group>"; };
		0AC96F7D2642F84000A691CB /* String+Utilities.swift */ = {isa = PBXFileReference; lastKnownFileType = sourcecode.swift; path = "String+Utilities.swift"; sourceTree = "<group>"; };
		0AC96F7F2642F8AA00A691CB /* UIView+CornerRadius.swift */ = {isa = PBXFileReference; lastKnownFileType = sourcecode.swift; path = "UIView+CornerRadius.swift"; sourceTree = "<group>"; };
		0AC96F812642F92C00A691CB /* UIActivityIndicator+Animating.swift */ = {isa = PBXFileReference; lastKnownFileType = sourcecode.swift; path = "UIActivityIndicator+Animating.swift"; sourceTree = "<group>"; };
		0AC96F842642FA3300A691CB /* View.swift */ = {isa = PBXFileReference; lastKnownFileType = sourcecode.swift; path = View.swift; sourceTree = "<group>"; };
		0AC96F8E2643033E00A691CB /* TextType.swift */ = {isa = PBXFileReference; lastKnownFileType = sourcecode.swift; path = TextType.swift; sourceTree = "<group>"; };
		0AC96F92264304A000A691CB /* CommonConstants.swift */ = {isa = PBXFileReference; lastKnownFileType = sourcecode.swift; path = CommonConstants.swift; sourceTree = "<group>"; };
		0AC96F95264310CC00A691CB /* IconSize.swift */ = {isa = PBXFileReference; lastKnownFileType = sourcecode.swift; path = IconSize.swift; sourceTree = "<group>"; };
		0AC96F972643113F00A691CB /* Icon.swift */ = {isa = PBXFileReference; lastKnownFileType = sourcecode.swift; path = Icon.swift; sourceTree = "<group>"; };
		0AC96F9F26431FA900A691CB /* ViewController.swift */ = {isa = PBXFileReference; lastKnownFileType = sourcecode.swift; path = ViewController.swift; sourceTree = "<group>"; };
		0AC96FA1264320E100A691CB /* TableViewCell.swift */ = {isa = PBXFileReference; lastKnownFileType = sourcecode.swift; path = TableViewCell.swift; sourceTree = "<group>"; };
		0AC96FA32643213F00A691CB /* ReusableView.swift */ = {isa = PBXFileReference; lastKnownFileType = sourcecode.swift; path = ReusableView.swift; sourceTree = "<group>"; };
		0AC96FA9264334AF00A691CB /* ButtonTheme.swift */ = {isa = PBXFileReference; lastKnownFileType = sourcecode.swift; path = ButtonTheme.swift; sourceTree = "<group>"; };
		0AC96FC526434B8600A691CB /* Button.swift */ = {isa = PBXFileReference; lastKnownFileType = sourcecode.swift; path = Button.swift; sourceTree = "<group>"; };
		0AC96FCC2644005B00A691CB /* TextField.swift */ = {isa = PBXFileReference; lastKnownFileType = sourcecode.swift; path = TextField.swift; sourceTree = "<group>"; };
		0AC96FCE2644085500A691CB /* UIComponentBuilder.swift */ = {isa = PBXFileReference; lastKnownFileType = sourcecode.swift; path = UIComponentBuilder.swift; sourceTree = "<group>"; };
		0AC97000264567E300A691CB /* UIView+Fade.swift */ = {isa = PBXFileReference; lastKnownFileType = sourcecode.swift; path = "UIView+Fade.swift"; sourceTree = "<group>"; };
		0AC9700226456F8600A691CB /* RegisterViewController.swift */ = {isa = PBXFileReference; lastKnownFileType = sourcecode.swift; path = RegisterViewController.swift; sourceTree = "<group>"; };
		0AC97005264572D900A691CB /* SelectionTableViewController.swift */ = {isa = PBXFileReference; lastKnownFileType = sourcecode.swift; path = SelectionTableViewController.swift; sourceTree = "<group>"; };
		0AC970072645732100A691CB /* TableViewController.swift */ = {isa = PBXFileReference; lastKnownFileType = sourcecode.swift; path = TableViewController.swift; sourceTree = "<group>"; };
		146AD237C57C3E161B0862CF /* Pods-CodePay.debug.xcconfig */ = {isa = PBXFileReference; includeInIndex = 1; lastKnownFileType = text.xcconfig; name = "Pods-CodePay.debug.xcconfig"; path = "Target Support Files/Pods-CodePay/Pods-CodePay.debug.xcconfig"; sourceTree = "<group>"; };
		3F0721B476702D91F8E3DAD2 /* Pods-CodePay.release.xcconfig */ = {isa = PBXFileReference; includeInIndex = 1; lastKnownFileType = text.xcconfig; name = "Pods-CodePay.release.xcconfig"; path = "Target Support Files/Pods-CodePay/Pods-CodePay.release.xcconfig"; sourceTree = "<group>"; };
		6132BBB8CFB7B8A01722D8A4 /* Pods_CodePay.framework */ = {isa = PBXFileReference; explicitFileType = wrapper.framework; includeInIndex = 0; path = Pods_CodePay.framework; sourceTree = BUILT_PRODUCTS_DIR; };
/* End PBXFileReference section */

/* Begin PBXFrameworksBuildPhase section */
		0A76E3EE26404BC6000F58B2 /* Frameworks */ = {
			isa = PBXFrameworksBuildPhase;
			buildActionMask = 2147483647;
			files = (
				93D2756725E1307C7C375D9A /* Pods_CodePay.framework in Frameworks */,
			);
			runOnlyForDeploymentPostprocessing = 0;
		};
/* End PBXFrameworksBuildPhase section */

/* Begin PBXGroup section */
		0A2190892641B4CF00F53B02 /* Response Models */ = {
			isa = PBXGroup;
			children = (
				0A21908A2641B4FC00F53B02 /* UserResponse.swift */,
				0A21908C2641B5BD00F53B02 /* AccountResponse.swift */,
				0A21908E2641B66200F53B02 /* TransactionResponse.swift */,
				0AACFF02264C81900095D031 /* CheckUserTokenResponse.swift */,
			);
			path = "Response Models";
			sourceTree = "<group>";
		};
		0A2190902641B77500F53B02 /* Login */ = {
			isa = PBXGroup;
			children = (
				0A21909B26428D9600F53B02 /* LoginViewController.swift */,
			);
			path = Login;
			sourceTree = "<group>";
		};
		0A2190912641B77F00F53B02 /* Register */ = {
			isa = PBXGroup;
			children = (
				0AC9700226456F8600A691CB /* RegisterViewController.swift */,
			);
			path = Register;
			sourceTree = "<group>";
		};
		0A2190922641B78E00F53B02 /* Home */ = {
			isa = PBXGroup;
			children = (
				0A751A282648623C00D6FB0A /* HomeViewController.swift */,
			);
			path = Home;
			sourceTree = "<group>";
		};
		0A2190932641B79B00F53B02 /* Transaction List */ = {
			isa = PBXGroup;
			children = (
			);
			path = "Transaction List";
			sourceTree = "<group>";
		};
		0A2190942641B7B000F53B02 /* Transaction Info */ = {
			isa = PBXGroup;
			children = (
			);
			path = "Transaction Info";
			sourceTree = "<group>";
		};
		0A2190952641B7BF00F53B02 /* Add Money */ = {
			isa = PBXGroup;
			children = (
			);
			path = "Add Money";
			sourceTree = "<group>";
		};
		0A2190962641B7CC00F53B02 /* Send Money */ = {
			isa = PBXGroup;
			children = (
			);
			path = "Send Money";
			sourceTree = "<group>";
		};
		0A2190972641B7DD00F53B02 /* Settings */ = {
			isa = PBXGroup;
			children = (
			);
			path = Settings;
			sourceTree = "<group>";
		};
		0A2190982641CFF100F53B02 /* Core Data */ = {
			isa = PBXGroup;
			children = (
				0A2190992641D00800F53B02 /* Entities */,
			);
			path = "Core Data";
			sourceTree = "<group>";
		};
		0A2190992641D00800F53B02 /* Entities */ = {
			isa = PBXGroup;
			children = (
			);
			path = Entities;
			sourceTree = "<group>";
		};
		0A21909A2641D0E500F53B02 /* Transaction Filter */ = {
			isa = PBXGroup;
			children = (
			);
			path = "Transaction Filter";
			sourceTree = "<group>";
		};
		0A751A3D2648752000D6FB0A /* Development */ = {
			isa = PBXGroup;
			children = (
				0A751A3E2648754000D6FB0A /* ViewControllerRepresentable.swift */,
				0A751A402648756800D6FB0A /* ViewRepresentable.swift */,
			);
			path = Development;
			sourceTree = "<group>";
		};
		0A751A4C26499AA400D6FB0A /* SelectionView */ = {
			isa = PBXGroup;
			children = (
				0A751A4D26499ABA00D6FB0A /* SelectionView.swift */,
				0AACFEE3264A8C540095D031 /* SelectionCell.swift */,
				0AC97005264572D900A691CB /* SelectionTableViewController.swift */,
			);
			path = SelectionView;
			sourceTree = "<group>";
		};
		0A751A4F2649A15200D6FB0A /* Label */ = {
			isa = PBXGroup;
			children = (
				0A751A502649A16800D6FB0A /* Label.swift */,
			);
			path = Label;
			sourceTree = "<group>";
		};
		0A76E3E826404BC6000F58B2 = {
			isa = PBXGroup;
			children = (
				0A76E3F326404BC6000F58B2 /* CodePay */,
				0A76E3F226404BC6000F58B2 /* Products */,
				C01175B93AAA9026ED496AC7 /* Pods */,
				FB1F3E08E992D7F7908B2D26 /* Frameworks */,
			);
			sourceTree = "<group>";
		};
		0A76E3F226404BC6000F58B2 /* Products */ = {
			isa = PBXGroup;
			children = (
				0A76E3F126404BC6000F58B2 /* CodePay.app */,
			);
			name = Products;
			sourceTree = "<group>";
		};
		0A76E3F326404BC6000F58B2 /* CodePay */ = {
			isa = PBXGroup;
			children = (
				0AC96F712642F2FE00A691CB /* UI */,
				0A76E4092640521E000F58B2 /* Extensions */,
				0A76E40A26405232000F58B2 /* API */,
				0A76E40B2640524C000F58B2 /* Storage */,
				0A76E40826404F9D000F58B2 /* Resources */,
				0A76E40C2640530B000F58B2 /* Scenes */,
				0A76E3F426404BC6000F58B2 /* AppDelegate.swift */,
				0A76E3F626404BC6000F58B2 /* SceneDelegate.swift */,
				0A76E40226404BC8000F58B2 /* Info.plist */,
				0A76E3FC26404BC8000F58B2 /* Preview Content */,
			);
			path = CodePay;
			sourceTree = "<group>";
		};
		0A76E3FC26404BC8000F58B2 /* Preview Content */ = {
			isa = PBXGroup;
			children = (
				0A76E3FD26404BC8000F58B2 /* Preview Assets.xcassets */,
			);
			path = "Preview Content";
			sourceTree = "<group>";
		};
		0A76E40826404F9D000F58B2 /* Resources */ = {
			isa = PBXGroup;
			children = (
				0A76E3FA26404BC8000F58B2 /* Assets.xcassets */,
				0A76E3FF26404BC8000F58B2 /* LaunchScreen.storyboard */,
			);
			path = Resources;
			sourceTree = "<group>";
		};
		0A76E4092640521E000F58B2 /* Extensions */ = {
			isa = PBXGroup;
			children = (
				0AC96F7B2642F75500A691CB /* UIColor+Hex.swift */,
				0AC96F7D2642F84000A691CB /* String+Utilities.swift */,
				0AC96F7F2642F8AA00A691CB /* UIView+CornerRadius.swift */,
				0AC96F812642F92C00A691CB /* UIActivityIndicator+Animating.swift */,
				0AC97000264567E300A691CB /* UIView+Fade.swift */,
			);
			path = Extensions;
			sourceTree = "<group>";
		};
		0A76E40A26405232000F58B2 /* API */ = {
			isa = PBXGroup;
			children = (
				0A2190892641B4CF00F53B02 /* Response Models */,
				0AACFEFA264C14310095D031 /* APIEndpoint.swift */,
				0AACFEFE264C1E100095D031 /* APIManager.swift */,
				0AACFF04264C837E0095D031 /* APILoginManager.swift */,
			);
			path = API;
			sourceTree = "<group>";
		};
		0A76E40B2640524C000F58B2 /* Storage */ = {
			isa = PBXGroup;
			children = (
				0A2190982641CFF100F53B02 /* Core Data */,
				0AACFF00264C21040095D031 /* UserManager.swift */,
			);
			path = Storage;
			sourceTree = "<group>";
		};
		0A76E40C2640530B000F58B2 /* Scenes */ = {
			isa = PBXGroup;
			children = (
				0A2190902641B77500F53B02 /* Login */,
				0A2190912641B77F00F53B02 /* Register */,
				0A2190922641B78E00F53B02 /* Home */,
				0A2190932641B79B00F53B02 /* Transaction List */,
				0A21909A2641D0E500F53B02 /* Transaction Filter */,
				0A2190942641B7B000F53B02 /* Transaction Info */,
				0A2190952641B7BF00F53B02 /* Add Money */,
				0A2190962641B7CC00F53B02 /* Send Money */,
				0A2190972641B7DD00F53B02 /* Settings */,
			);
			path = Scenes;
			sourceTree = "<group>";
		};
		0AC96F712642F2FE00A691CB /* UI */ = {
			isa = PBXGroup;
			children = (
				0AC96FCE2644085500A691CB /* UIComponentBuilder.swift */,
				0AC96F8D2643032A00A691CB /* Design */,
				0AC96FCB2644003700A691CB /* TextField */,
				0AC96F862642FBF400A691CB /* Button */,
				0AC96F94264310B600A691CB /* Icon */,
				0A751A4F2649A15200D6FB0A /* Label */,
				0A751A4C26499AA400D6FB0A /* SelectionView */,
				0AC96F832642FA1C00A691CB /* CP Common */,
			);
			path = UI;
			sourceTree = "<group>";
		};
		0AC96F832642FA1C00A691CB /* CP Common */ = {
			isa = PBXGroup;
			children = (
				0A751A3D2648752000D6FB0A /* Development */,
				0AC96F9F26431FA900A691CB /* ViewController.swift */,
				0AC970072645732100A691CB /* TableViewController.swift */,
				0AC96F842642FA3300A691CB /* View.swift */,
				0AC96FA1264320E100A691CB /* TableViewCell.swift */,
				0AC96FA32643213F00A691CB /* ReusableView.swift */,
			);
			path = "CP Common";
			sourceTree = "<group>";
		};
		0AC96F862642FBF400A691CB /* Button */ = {
			isa = PBXGroup;
			children = (
				0AC96FA9264334AF00A691CB /* ButtonTheme.swift */,
				0AC96FC526434B8600A691CB /* Button.swift */,
			);
			path = Button;
			sourceTree = "<group>";
		};
		0AC96F8D2643032A00A691CB /* Design */ = {
			isa = PBXGroup;
			children = (
				0AC96F792642F6FA00A691CB /* ColorPalette.swift */,
				0AC96F8E2643033E00A691CB /* TextType.swift */,
				0AC96F92264304A000A691CB /* CommonConstants.swift */,
			);
			path = Design;
			sourceTree = "<group>";
		};
		0AC96F94264310B600A691CB /* Icon */ = {
			isa = PBXGroup;
			children = (
				0AC96F95264310CC00A691CB /* IconSize.swift */,
				0AC96F972643113F00A691CB /* Icon.swift */,
			);
			path = Icon;
			sourceTree = "<group>";
		};
		0AC96FCB2644003700A691CB /* TextField */ = {
			isa = PBXGroup;
			children = (
				0AC96FCC2644005B00A691CB /* TextField.swift */,
				0A751A242648540500D6FB0A /* PasswordTextField.swift */,
				0A751A262648554A00D6FB0A /* PhoneNumberTextField.swift */,
			);
			path = TextField;
			sourceTree = "<group>";
		};
		C01175B93AAA9026ED496AC7 /* Pods */ = {
			isa = PBXGroup;
			children = (
				146AD237C57C3E161B0862CF /* Pods-CodePay.debug.xcconfig */,
				3F0721B476702D91F8E3DAD2 /* Pods-CodePay.release.xcconfig */,
			);
			path = Pods;
			sourceTree = "<group>";
		};
		FB1F3E08E992D7F7908B2D26 /* Frameworks */ = {
			isa = PBXGroup;
			children = (
				6132BBB8CFB7B8A01722D8A4 /* Pods_CodePay.framework */,
			);
			name = Frameworks;
			sourceTree = "<group>";
		};
/* End PBXGroup section */

/* Begin PBXNativeTarget section */
		0A76E3F026404BC6000F58B2 /* CodePay */ = {
			isa = PBXNativeTarget;
			buildConfigurationList = 0A76E40526404BC8000F58B2 /* Build configuration list for PBXNativeTarget "CodePay" */;
			buildPhases = (
				DCB66D18DF85130DB0B4BB5F /* [CP] Check Pods Manifest.lock */,
				0A76E3ED26404BC6000F58B2 /* Sources */,
				0A76E3EE26404BC6000F58B2 /* Frameworks */,
				0A76E3EF26404BC6000F58B2 /* Resources */,
				B213F6483DEEDCFB5ABCF8FB /* [CP] Embed Pods Frameworks */,
			);
			buildRules = (
			);
			dependencies = (
			);
			name = CodePay;
			productName = CodePay;
			productReference = 0A76E3F126404BC6000F58B2 /* CodePay.app */;
			productType = "com.apple.product-type.application";
		};
/* End PBXNativeTarget section */

/* Begin PBXProject section */
		0A76E3E926404BC6000F58B2 /* Project object */ = {
			isa = PBXProject;
			attributes = {
				LastSwiftUpdateCheck = 1250;
				LastUpgradeCheck = 1250;
				TargetAttributes = {
					0A76E3F026404BC6000F58B2 = {
						CreatedOnToolsVersion = 12.5;
					};
				};
			};
			buildConfigurationList = 0A76E3EC26404BC6000F58B2 /* Build configuration list for PBXProject "CodePay" */;
			compatibilityVersion = "Xcode 9.3";
			developmentRegion = en;
			hasScannedForEncodings = 0;
			knownRegions = (
				en,
				Base,
			);
			mainGroup = 0A76E3E826404BC6000F58B2;
			productRefGroup = 0A76E3F226404BC6000F58B2 /* Products */;
			projectDirPath = "";
			projectRoot = "";
			targets = (
				0A76E3F026404BC6000F58B2 /* CodePay */,
			);
		};
/* End PBXProject section */

/* Begin PBXResourcesBuildPhase section */
		0A76E3EF26404BC6000F58B2 /* Resources */ = {
			isa = PBXResourcesBuildPhase;
			buildActionMask = 2147483647;
			files = (
				0A76E40126404BC8000F58B2 /* LaunchScreen.storyboard in Resources */,
				0A76E3FE26404BC8000F58B2 /* Preview Assets.xcassets in Resources */,
				0A76E3FB26404BC8000F58B2 /* Assets.xcassets in Resources */,
			);
			runOnlyForDeploymentPostprocessing = 0;
		};
/* End PBXResourcesBuildPhase section */

/* Begin PBXShellScriptBuildPhase section */
		B213F6483DEEDCFB5ABCF8FB /* [CP] Embed Pods Frameworks */ = {
			isa = PBXShellScriptBuildPhase;
			buildActionMask = 2147483647;
			files = (
			);
			inputFileListPaths = (
				"${PODS_ROOT}/Target Support Files/Pods-CodePay/Pods-CodePay-frameworks-${CONFIGURATION}-input-files.xcfilelist",
			);
			name = "[CP] Embed Pods Frameworks";
			outputFileListPaths = (
				"${PODS_ROOT}/Target Support Files/Pods-CodePay/Pods-CodePay-frameworks-${CONFIGURATION}-output-files.xcfilelist",
			);
			runOnlyForDeploymentPostprocessing = 0;
			shellPath = /bin/sh;
			shellScript = "\"${PODS_ROOT}/Target Support Files/Pods-CodePay/Pods-CodePay-frameworks.sh\"\n";
			showEnvVarsInLog = 0;
		};
		DCB66D18DF85130DB0B4BB5F /* [CP] Check Pods Manifest.lock */ = {
			isa = PBXShellScriptBuildPhase;
			buildActionMask = 2147483647;
			files = (
			);
			inputFileListPaths = (
			);
			inputPaths = (
				"${PODS_PODFILE_DIR_PATH}/Podfile.lock",
				"${PODS_ROOT}/Manifest.lock",
			);
			name = "[CP] Check Pods Manifest.lock";
			outputFileListPaths = (
			);
			outputPaths = (
				"$(DERIVED_FILE_DIR)/Pods-CodePay-checkManifestLockResult.txt",
			);
			runOnlyForDeploymentPostprocessing = 0;
			shellPath = /bin/sh;
			shellScript = "diff \"${PODS_PODFILE_DIR_PATH}/Podfile.lock\" \"${PODS_ROOT}/Manifest.lock\" > /dev/null\nif [ $? != 0 ] ; then\n    # print error to STDERR\n    echo \"error: The sandbox is not in sync with the Podfile.lock. Run 'pod install' or update your CocoaPods installation.\" >&2\n    exit 1\nfi\n# This output is used by Xcode 'outputs' to avoid re-running this script phase.\necho \"SUCCESS\" > \"${SCRIPT_OUTPUT_FILE_0}\"\n";
			showEnvVarsInLog = 0;
		};
/* End PBXShellScriptBuildPhase section */

/* Begin PBXSourcesBuildPhase section */
		0A76E3ED26404BC6000F58B2 /* Sources */ = {
			isa = PBXSourcesBuildPhase;
			buildActionMask = 2147483647;
			files = (
				0AC96FA42643213F00A691CB /* ReusableView.swift in Sources */,
				0A751A292648623C00D6FB0A /* HomeViewController.swift in Sources */,
				0AACFF01264C21040095D031 /* UserManager.swift in Sources */,
				0AC96FCD2644005B00A691CB /* TextField.swift in Sources */,
				0AC96F7A2642F6FA00A691CB /* ColorPalette.swift in Sources */,
				0A751A412648756800D6FB0A /* ViewRepresentable.swift in Sources */,
				0AACFF05264C837E0095D031 /* APILoginManager.swift in Sources */,
				0A21909C26428D9600F53B02 /* LoginViewController.swift in Sources */,
				0AACFEFF264C1E100095D031 /* APIManager.swift in Sources */,
				0AC96FCF2644085500A691CB /* UIComponentBuilder.swift in Sources */,
				0A21908B2641B4FC00F53B02 /* UserResponse.swift in Sources */,
				0A751A4E26499ABA00D6FB0A /* SelectionView.swift in Sources */,
				0AC96F8F2643033E00A691CB /* TextType.swift in Sources */,
				0AACFEE4264A8C540095D031 /* SelectionCell.swift in Sources */,
				0AC970082645732100A691CB /* TableViewController.swift in Sources */,
				0AC97001264567E300A691CB /* UIView+Fade.swift in Sources */,
				0A751A252648540500D6FB0A /* PasswordTextField.swift in Sources */,
				0A21908D2641B5BD00F53B02 /* AccountResponse.swift in Sources */,
				0A751A512649A16800D6FB0A /* Label.swift in Sources */,
				0A21908F2641B66200F53B02 /* TransactionResponse.swift in Sources */,
				0AC96F96264310CC00A691CB /* IconSize.swift in Sources */,
				0AC96F982643113F00A691CB /* Icon.swift in Sources */,
				0AACFEFB264C14310095D031 /* APIEndpoint.swift in Sources */,
				0AC96F7C2642F75500A691CB /* UIColor+Hex.swift in Sources */,
				0AC96F822642F92C00A691CB /* UIActivityIndicator+Animating.swift in Sources */,
				0AC96F7E2642F84000A691CB /* String+Utilities.swift in Sources */,
				0AC96F852642FA3300A691CB /* View.swift in Sources */,
				0AC96FA026431FA900A691CB /* ViewController.swift in Sources */,
				0A751A3F2648754000D6FB0A /* ViewControllerRepresentable.swift in Sources */,
				0AC96FAA264334AF00A691CB /* ButtonTheme.swift in Sources */,
				0AC96FA2264320E100A691CB /* TableViewCell.swift in Sources */,
				0A76E3F526404BC6000F58B2 /* AppDelegate.swift in Sources */,
				0A751A272648554A00D6FB0A /* PhoneNumberTextField.swift in Sources */,
				0AC96F93264304A000A691CB /* CommonConstants.swift in Sources */,
				0AC96F802642F8AA00A691CB /* UIView+CornerRadius.swift in Sources */,
				0AC9700326456F8600A691CB /* RegisterViewController.swift in Sources */,
				0AC97006264572D900A691CB /* SelectionTableViewController.swift in Sources */,
				0A76E3F726404BC6000F58B2 /* SceneDelegate.swift in Sources */,
				0AACFF03264C81910095D031 /* CheckUserTokenResponse.swift in Sources */,
				0AC96FC626434B8600A691CB /* Button.swift in Sources */,
			);
			runOnlyForDeploymentPostprocessing = 0;
		};
/* End PBXSourcesBuildPhase section */

/* Begin PBXVariantGroup section */
		0A76E3FF26404BC8000F58B2 /* LaunchScreen.storyboard */ = {
			isa = PBXVariantGroup;
			children = (
				0A76E40026404BC8000F58B2 /* Base */,
			);
			name = LaunchScreen.storyboard;
			sourceTree = "<group>";
		};
/* End PBXVariantGroup section */

/* Begin XCBuildConfiguration section */
		0A76E40326404BC8000F58B2 /* Debug */ = {
			isa = XCBuildConfiguration;
			buildSettings = {
				ALWAYS_SEARCH_USER_PATHS = NO;
				CLANG_ANALYZER_NONNULL = YES;
				CLANG_ANALYZER_NUMBER_OBJECT_CONVERSION = YES_AGGRESSIVE;
				CLANG_CXX_LANGUAGE_STANDARD = "gnu++14";
				CLANG_CXX_LIBRARY = "libc++";
				CLANG_ENABLE_MODULES = YES;
				CLANG_ENABLE_OBJC_ARC = YES;
				CLANG_ENABLE_OBJC_WEAK = YES;
				CLANG_WARN_BLOCK_CAPTURE_AUTORELEASING = YES;
				CLANG_WARN_BOOL_CONVERSION = YES;
				CLANG_WARN_COMMA = YES;
				CLANG_WARN_CONSTANT_CONVERSION = YES;
				CLANG_WARN_DEPRECATED_OBJC_IMPLEMENTATIONS = YES;
				CLANG_WARN_DIRECT_OBJC_ISA_USAGE = YES_ERROR;
				CLANG_WARN_DOCUMENTATION_COMMENTS = YES;
				CLANG_WARN_EMPTY_BODY = YES;
				CLANG_WARN_ENUM_CONVERSION = YES;
				CLANG_WARN_INFINITE_RECURSION = YES;
				CLANG_WARN_INT_CONVERSION = YES;
				CLANG_WARN_NON_LITERAL_NULL_CONVERSION = YES;
				CLANG_WARN_OBJC_IMPLICIT_RETAIN_SELF = YES;
				CLANG_WARN_OBJC_LITERAL_CONVERSION = YES;
				CLANG_WARN_OBJC_ROOT_CLASS = YES_ERROR;
				CLANG_WARN_QUOTED_INCLUDE_IN_FRAMEWORK_HEADER = YES;
				CLANG_WARN_RANGE_LOOP_ANALYSIS = YES;
				CLANG_WARN_STRICT_PROTOTYPES = YES;
				CLANG_WARN_SUSPICIOUS_MOVE = YES;
				CLANG_WARN_UNGUARDED_AVAILABILITY = YES_AGGRESSIVE;
				CLANG_WARN_UNREACHABLE_CODE = YES;
				CLANG_WARN__DUPLICATE_METHOD_MATCH = YES;
				COPY_PHASE_STRIP = NO;
				DEBUG_INFORMATION_FORMAT = dwarf;
				ENABLE_STRICT_OBJC_MSGSEND = YES;
				ENABLE_TESTABILITY = YES;
				GCC_C_LANGUAGE_STANDARD = gnu11;
				GCC_DYNAMIC_NO_PIC = NO;
				GCC_NO_COMMON_BLOCKS = YES;
				GCC_OPTIMIZATION_LEVEL = 0;
				GCC_PREPROCESSOR_DEFINITIONS = (
					"DEBUG=1",
					"$(inherited)",
				);
				GCC_WARN_64_TO_32_BIT_CONVERSION = YES;
				GCC_WARN_ABOUT_RETURN_TYPE = YES_ERROR;
				GCC_WARN_UNDECLARED_SELECTOR = YES;
				GCC_WARN_UNINITIALIZED_AUTOS = YES_AGGRESSIVE;
				GCC_WARN_UNUSED_FUNCTION = YES;
				GCC_WARN_UNUSED_VARIABLE = YES;
				IPHONEOS_DEPLOYMENT_TARGET = 14.5;
				MTL_ENABLE_DEBUG_INFO = INCLUDE_SOURCE;
				MTL_FAST_MATH = YES;
				ONLY_ACTIVE_ARCH = YES;
				SDKROOT = iphoneos;
				SWIFT_ACTIVE_COMPILATION_CONDITIONS = DEBUG;
				SWIFT_OPTIMIZATION_LEVEL = "-Onone";
			};
			name = Debug;
		};
		0A76E40426404BC8000F58B2 /* Release */ = {
			isa = XCBuildConfiguration;
			buildSettings = {
				ALWAYS_SEARCH_USER_PATHS = NO;
				CLANG_ANALYZER_NONNULL = YES;
				CLANG_ANALYZER_NUMBER_OBJECT_CONVERSION = YES_AGGRESSIVE;
				CLANG_CXX_LANGUAGE_STANDARD = "gnu++14";
				CLANG_CXX_LIBRARY = "libc++";
				CLANG_ENABLE_MODULES = YES;
				CLANG_ENABLE_OBJC_ARC = YES;
				CLANG_ENABLE_OBJC_WEAK = YES;
				CLANG_WARN_BLOCK_CAPTURE_AUTORELEASING = YES;
				CLANG_WARN_BOOL_CONVERSION = YES;
				CLANG_WARN_COMMA = YES;
				CLANG_WARN_CONSTANT_CONVERSION = YES;
				CLANG_WARN_DEPRECATED_OBJC_IMPLEMENTATIONS = YES;
				CLANG_WARN_DIRECT_OBJC_ISA_USAGE = YES_ERROR;
				CLANG_WARN_DOCUMENTATION_COMMENTS = YES;
				CLANG_WARN_EMPTY_BODY = YES;
				CLANG_WARN_ENUM_CONVERSION = YES;
				CLANG_WARN_INFINITE_RECURSION = YES;
				CLANG_WARN_INT_CONVERSION = YES;
				CLANG_WARN_NON_LITERAL_NULL_CONVERSION = YES;
				CLANG_WARN_OBJC_IMPLICIT_RETAIN_SELF = YES;
				CLANG_WARN_OBJC_LITERAL_CONVERSION = YES;
				CLANG_WARN_OBJC_ROOT_CLASS = YES_ERROR;
				CLANG_WARN_QUOTED_INCLUDE_IN_FRAMEWORK_HEADER = YES;
				CLANG_WARN_RANGE_LOOP_ANALYSIS = YES;
				CLANG_WARN_STRICT_PROTOTYPES = YES;
				CLANG_WARN_SUSPICIOUS_MOVE = YES;
				CLANG_WARN_UNGUARDED_AVAILABILITY = YES_AGGRESSIVE;
				CLANG_WARN_UNREACHABLE_CODE = YES;
				CLANG_WARN__DUPLICATE_METHOD_MATCH = YES;
				COPY_PHASE_STRIP = NO;
				DEBUG_INFORMATION_FORMAT = "dwarf-with-dsym";
				ENABLE_NS_ASSERTIONS = NO;
				ENABLE_STRICT_OBJC_MSGSEND = YES;
				GCC_C_LANGUAGE_STANDARD = gnu11;
				GCC_NO_COMMON_BLOCKS = YES;
				GCC_WARN_64_TO_32_BIT_CONVERSION = YES;
				GCC_WARN_ABOUT_RETURN_TYPE = YES_ERROR;
				GCC_WARN_UNDECLARED_SELECTOR = YES;
				GCC_WARN_UNINITIALIZED_AUTOS = YES_AGGRESSIVE;
				GCC_WARN_UNUSED_FUNCTION = YES;
				GCC_WARN_UNUSED_VARIABLE = YES;
				IPHONEOS_DEPLOYMENT_TARGET = 14.5;
				MTL_ENABLE_DEBUG_INFO = NO;
				MTL_FAST_MATH = YES;
				SDKROOT = iphoneos;
				SWIFT_COMPILATION_MODE = wholemodule;
				SWIFT_OPTIMIZATION_LEVEL = "-O";
				VALIDATE_PRODUCT = YES;
			};
			name = Release;
		};
		0A76E40626404BC8000F58B2 /* Debug */ = {
			isa = XCBuildConfiguration;
			baseConfigurationReference = 146AD237C57C3E161B0862CF /* Pods-CodePay.debug.xcconfig */;
			buildSettings = {
				ASSETCATALOG_COMPILER_APPICON_NAME = AppIcon;
				ASSETCATALOG_COMPILER_GLOBAL_ACCENT_COLOR_NAME = AccentColor;
				CODE_SIGN_STYLE = Automatic;
				DEVELOPMENT_ASSET_PATHS = "\"CodePay/Preview Content\"";
				DEVELOPMENT_TEAM = 87XJZXW7AU;
				ENABLE_PREVIEWS = YES;
				INFOPLIST_FILE = CodePay/Info.plist;
				LD_RUNPATH_SEARCH_PATHS = (
					"$(inherited)",
					"@executable_path/Frameworks",
				);
				PRODUCT_BUNDLE_IDENTIFIER = com.sg.CodePay;
				PRODUCT_NAME = "$(TARGET_NAME)";
				SWIFT_VERSION = 5.0;
				TARGETED_DEVICE_FAMILY = 1;
			};
			name = Debug;
		};
		0A76E40726404BC8000F58B2 /* Release */ = {
			isa = XCBuildConfiguration;
			baseConfigurationReference = 3F0721B476702D91F8E3DAD2 /* Pods-CodePay.release.xcconfig */;
			buildSettings = {
				ASSETCATALOG_COMPILER_APPICON_NAME = AppIcon;
				ASSETCATALOG_COMPILER_GLOBAL_ACCENT_COLOR_NAME = AccentColor;
				CODE_SIGN_STYLE = Automatic;
				DEVELOPMENT_ASSET_PATHS = "\"CodePay/Preview Content\"";
				DEVELOPMENT_TEAM = 87XJZXW7AU;
				ENABLE_PREVIEWS = YES;
				INFOPLIST_FILE = CodePay/Info.plist;
				LD_RUNPATH_SEARCH_PATHS = (
					"$(inherited)",
					"@executable_path/Frameworks",
				);
				PRODUCT_BUNDLE_IDENTIFIER = com.sg.CodePay;
				PRODUCT_NAME = "$(TARGET_NAME)";
				SWIFT_VERSION = 5.0;
				TARGETED_DEVICE_FAMILY = 1;
			};
			name = Release;
		};
/* End XCBuildConfiguration section */

/* Begin XCConfigurationList section */
		0A76E3EC26404BC6000F58B2 /* Build configuration list for PBXProject "CodePay" */ = {
			isa = XCConfigurationList;
			buildConfigurations = (
				0A76E40326404BC8000F58B2 /* Debug */,
				0A76E40426404BC8000F58B2 /* Release */,
			);
			defaultConfigurationIsVisible = 0;
			defaultConfigurationName = Release;
		};
		0A76E40526404BC8000F58B2 /* Build configuration list for PBXNativeTarget "CodePay" */ = {
			isa = XCConfigurationList;
			buildConfigurations = (
				0A76E40626404BC8000F58B2 /* Debug */,
				0A76E40726404BC8000F58B2 /* Release */,
			);
			defaultConfigurationIsVisible = 0;
			defaultConfigurationName = Release;
		};
/* End XCConfigurationList section */
	};
	rootObject = 0A76E3E926404BC6000F58B2 /* Project object */;
}
